
Microsoft Visual Studio Solution File, Format Version 10.00
# Visual Studio 2008
Project("{FAE04EC0-301F-11D3-BF4B-00C04F79EFBC}") = "Mike.IocDemo", "Mike.IocDemo\Mike.IocDemo.csproj", "{257F5C17-5685-4BC3-9C6D-15FCE23A9FBC}"
EndProject
Project("{2150E333-8FDC-42A3-9474-1A3956D46DE8}") = "References", "References", "{8D78E3B2-C3DF-4200-B133-6AE504FF33D2}"
	ProjectSection(SolutionItems) = preProject
		References\Castle.Core.dll = References\Castle.Core.dll
		References\Castle.DynamicProxy2.dll = References\Castle.DynamicProxy2.dll
		References\Castle.MicroKernel.dll = References\Castle.MicroKernel.dll
		References\Castle.Windsor.dll = References\Castle.Windsor.dll
		References\Rhino.Mocks.dll = References\Rhino.Mocks.dll
	EndProjectSection
EndProject
Global
	GlobalSection(SolutionConfigurationPlatforms) = preSolution
		Debug|Any CPU = Debug|Any CPU
		Release|Any CPU = Release|Any CPU
	EndGlobalSection
	GlobalSection(ProjectConfigurationPlatforms) = postSolution
		{257F5C17-5685-4BC3-9C6D-15FCE23A9FBC}.Debug|Any CPU.ActiveCfg = Debug|Any CPU
		{257F5C17-5685-4BC3-9C6D-15FCE23A9FBC}.Debug|Any CPU.Build.0 = Debug|Any CPU
		{257F5C17-5685-4BC3-9C6D-15FCE23A9FBC}.Release|Any CPU.ActiveCfg = Release|Any CPU
		{257F5C17-5685-4BC3-9C6D-15FCE23A9FBC}.Release|Any CPU.Build.0 = Release|Any CPU
	EndGlobalSection
	GlobalSection(SolutionProperties) = preSolution
		HideSolutionNode = FALSE
	EndGlobalSection
EndGlobal
